PODS:
  - ActionSheetPicker-3.0 (2.3.0)
  - AFNetworking (3.2.1):
    - AFNetworking/NSURLSession (= 3.2.1)
    - AFNetworking/Reachability (= 3.2.1)
    - AFNetworking/Security (= 3.2.1)
    - AFNetworking/Serialization (= 3.2.1)
    - AFNetworking/UIKit (= 3.2.1)
  - AFNetworking/NSURLSession (3.2.1):
    - AFNetworking/Reachability
    - AFNetworking/Security
    - AFNetworking/Serialization
  - AFNetworking/Reachability (3.2.1)
  - AFNetworking/Security (3.2.1)
  - AFNetworking/Serialization (3.2.1)
  - AFNetworking/UIKit (3.2.1):
    - AFNetworking/NSURLSession
  - AMapFoundation (1.5.7)
  - AMapLocation (2.6.2):
    - AMapFoundation (~> 1.4)
  - Base64 (1.1.2)
  - boost-for-react-native (1.63.0)
  - Bugly (2.5.0)
  - BVLinearGradient (2.5.6):
    - React
  - CYLTabBarController (1.28.3):
    - CYLTabBarController/Core (= 1.28.3)
  - CYLTabBarController/Core (1.28.3)
  - CYLTableViewPlaceHolder (1.0.9)
  - DateTools (2.0.0)
  - DoubleConversion (1.1.6)
  - FDFullscreenPopGesture (1.1)
  - Folly (2018.10.22.00):
    - boost-for-react-native
    - DoubleConversion
    - glog
  - FSCalendar (2.8.0)
  - FTPickerView (1.0.2)
  - glog (0.3.5)
  - GTMBase64 (1.0.1)
  - IQKeyboardManager (6.4.2)
  - JCore (1.1.9)
  - JKCountDownButton (1.3.0)
  - JPFPSStatus (0.1.1)
  - JPush (3.0.7):
    - JCore (~> 1.1.6)
  - JSPatch (1.1.3):
    - JSPatch/Core (= 1.1.3)
  - JSPatch/Core (1.1.3)
  - JSPatchPlatform (1.6.6):
    - JSPatchPlatform/Core (= 1.6.6)
  - JSPatchPlatform/Core (1.6.6):
    - JSPatch
  - JWT (2.2.0):
    - Base64 (~> 1.1.2)
  - KSGuaidView (0.0.5)
  - KVOController (1.2.0)
  - Masonry (1.1.0)
  - MJRefresh (3.2.0)
  - MTBBarcodeScanner (5.0.11)
  - NullSafe (2.0)
  - PGDatePicker (1.5.12):
    - PGPickerView
  - PGPickerView (1.3.3)
  - PNChart (0.8.9):
    - UICountingLabel (~> 1.2.0)
  - PPGetAddressBook (0.2.8)
  - QMUIKit (2.3.0):
    - QMUIKit/QMUIComponents (= 2.3.0)
    - QMUIKit/QMUICore (= 2.3.0)
    - QMUIKit/QMUIMainFrame (= 2.3.0)
    - QMUIKit/QMUIResources (= 2.3.0)
  - QMUIKit/QMUIComponents (2.3.0):
    - QMUIKit/QMUIComponents/NavigationBarTransition (= 2.3.0)
    - QMUIKit/QMUIComponents/QMUIAlertController (= 2.3.0)
    - QMUIKit/QMUIComponents/QMUIAssetLibrary (= 2.3.0)
    - QMUIKit/QMUIComponents/QMUIButton (= 2.3.0)
    - QMUIKit/QMUIComponents/QMUICellHeightCache (= 2.3.0)
    - QMUIKit/QMUIComponents/QMUICollectionViewPagingLayout (= 2.3.0)
    - QMUIKit/QMUIComponents/QMUIDialogViewController (= 2.3.0)
    - QMUIKit/QMUIComponents/QMUIEmotionInputManager (= 2.3.0)
    - QMUIKit/QMUIComponents/QMUIEmotionView (= 2.3.0)
    - QMUIKit/QMUIComponents/QMUIEmptyView (= 2.3.0)
    - QMUIKit/QMUIComponents/QMUIFloatLayoutView (= 2.3.0)
    - QMUIKit/QMUIComponents/QMUIGridView (= 2.3.0)
    - QMUIKit/QMUIComponents/QMUIImagePickerLibrary (= 2.3.0)
    - QMUIKit/QMUIComponents/QMUIImagePreviewView (= 2.3.0)
    - QMUIKit/QMUIComponents/QMUIImagePreviewViewController (= 2.3.0)
    - QMUIKit/QMUIComponents/QMUIKeyboardManager (= 2.3.0)
    - QMUIKit/QMUIComponents/QMUILabel (= 2.3.0)
    - QMUIKit/QMUIComponents/QMUIMarqueeLabel (= 2.3.0)
    - QMUIKit/QMUIComponents/QMUIModalPresentationViewController (= 2.3.0)
    - QMUIKit/QMUIComponents/QMUIMoreOperationController (= 2.3.0)
    - QMUIKit/QMUIComponents/QMUINavigationTitleView (= 2.3.0)
    - QMUIKit/QMUIComponents/QMUIOrderedDictionary (= 2.3.0)
    - QMUIKit/QMUIComponents/QMUIPieProgressView (= 2.3.0)
    - QMUIKit/QMUIComponents/QMUIPopupContainerView (= 2.3.0)
    - QMUIKit/QMUIComponents/QMUIPopupMenuView (= 2.3.0)
    - QMUIKit/QMUIComponents/QMUISearchBar (= 2.3.0)
    - QMUIKit/QMUIComponents/QMUISearchController (= 2.3.0)
    - QMUIKit/QMUIComponents/QMUISegmentedControl (= 2.3.0)
    - QMUIKit/QMUIComponents/QMUISlider (= 2.3.0)
    - QMUIKit/QMUIComponents/QMUIStaticTableView (= 2.3.0)
    - QMUIKit/QMUIComponents/QMUITableView (= 2.3.0)
    - QMUIKit/QMUIComponents/QMUITableViewCell (= 2.3.0)
    - QMUIKit/QMUIComponents/QMUITableViewHeaderFooterView (= 2.3.0)
    - QMUIKit/QMUIComponents/QMUITableViewProtocols (= 2.3.0)
    - QMUIKit/QMUIComponents/QMUITestView (= 2.3.0)
    - QMUIKit/QMUIComponents/QMUITextField (= 2.3.0)
    - QMUIKit/QMUIComponents/QMUITextView (= 2.3.0)
    - QMUIKit/QMUIComponents/QMUITips (= 2.3.0)
    - QMUIKit/QMUIComponents/QMUIToastView (= 2.3.0)
    - QMUIKit/QMUIComponents/QMUIVisualEffectView (= 2.3.0)
    - QMUIKit/QMUIComponents/QMUIZoomImageView (= 2.3.0)
    - QMUIKit/QMUICore
  - QMUIKit/QMUIComponents/NavigationBarTransition (2.3.0):
    - QMUIKit/QMUIComponents/QMUINavigationTitleView
    - QMUIKit/QMUICore
    - QMUIKit/QMUIMainFrame
  - QMUIKit/QMUIComponents/QMUIAlertController (2.3.0):
    - QMUIKit/QMUIComponents/QMUIButton
    - QMUIKit/QMUIComponents/QMUIModalPresentationViewController
    - QMUIKit/QMUIComponents/QMUITextField
    - QMUIKit/QMUICore
  - QMUIKit/QMUIComponents/QMUIAssetLibrary (2.3.0):
    - QMUIKit/QMUICore
  - QMUIKit/QMUIComponents/QMUIButton (2.3.0):
    - QMUIKit/QMUICore
  - QMUIKit/QMUIComponents/QMUICellHeightCache (2.3.0):
    - QMUIKit/QMUIComponents/QMUITableViewProtocols
    - QMUIKit/QMUICore
  - QMUIKit/QMUIComponents/QMUICollectionViewPagingLayout (2.3.0):
    - QMUIKit/QMUICore
  - QMUIKit/QMUIComponents/QMUIDialogViewController (2.3.0):
    - QMUIKit/QMUIComponents/QMUIButton
    - QMUIKit/QMUIComponents/QMUILabel
    - QMUIKit/QMUIComponents/QMUIModalPresentationViewController
    - QMUIKit/QMUIComponents/QMUINavigationTitleView
    - QMUIKit/QMUIComponents/QMUITableView
    - QMUIKit/QMUIComponents/QMUITableViewCell
    - QMUIKit/QMUIComponents/QMUITextField
    - QMUIKit/QMUICore
    - QMUIKit/QMUIMainFrame
  - QMUIKit/QMUIComponents/QMUIEmotionInputManager (2.3.0):
    - QMUIKit/QMUIComponents/QMUIEmotionView
    - QMUIKit/QMUICore
  - QMUIKit/QMUIComponents/QMUIEmotionView (2.3.0):
    - QMUIKit/QMUIComponents/QMUIButton
    - QMUIKit/QMUICore
    - QMUIKit/QMUIResources
  - QMUIKit/QMUIComponents/QMUIEmptyView (2.3.0):
    - QMUIKit/QMUICore
  - QMUIKit/QMUIComponents/QMUIFloatLayoutView (2.3.0):
    - QMUIKit/QMUICore
  - QMUIKit/QMUIComponents/QMUIGridView (2.3.0):
    - QMUIKit/QMUICore
  - QMUIKit/QMUIComponents/QMUIImagePickerLibrary (2.3.0):
    - QMUIKit/QMUIComponents/QMUIAlertController
    - QMUIKit/QMUIComponents/QMUIAssetLibrary
    - QMUIKit/QMUIComponents/QMUIButton
    - QMUIKit/QMUIComponents/QMUIEmptyView
    - QMUIKit/QMUIComponents/QMUIImagePreviewViewController
    - QMUIKit/QMUIComponents/QMUIPieProgressView
    - QMUIKit/QMUIComponents/QMUITableViewCell
    - QMUIKit/QMUIComponents/QMUIZoomImageView
    - QMUIKit/QMUICore
    - QMUIKit/QMUIMainFrame
    - QMUIKit/QMUIResources
  - QMUIKit/QMUIComponents/QMUIImagePreviewView (2.3.0):
    - QMUIKit/QMUIComponents/QMUICollectionViewPagingLayout
    - QMUIKit/QMUIComponents/QMUIEmptyView
    - QMUIKit/QMUIComponents/QMUIZoomImageView
    - QMUIKit/QMUICore
  - QMUIKit/QMUIComponents/QMUIImagePreviewViewController (2.3.0):
    - QMUIKit/QMUIComponents/QMUIImagePreviewView
    - QMUIKit/QMUICore
    - QMUIKit/QMUIMainFrame
  - QMUIKit/QMUIComponents/QMUIKeyboardManager (2.3.0):
    - QMUIKit/QMUICore
  - QMUIKit/QMUIComponents/QMUILabel (2.3.0):
    - QMUIKit/QMUICore
  - QMUIKit/QMUIComponents/QMUIMarqueeLabel (2.3.0):
    - QMUIKit/QMUICore
  - QMUIKit/QMUIComponents/QMUIModalPresentationViewController (2.3.0):
    - QMUIKit/QMUICore
  - QMUIKit/QMUIComponents/QMUIMoreOperationController (2.3.0):
    - QMUIKit/QMUIComponents/QMUIButton
    - QMUIKit/QMUIComponents/QMUIModalPresentationViewController
    - QMUIKit/QMUICore
  - QMUIKit/QMUIComponents/QMUINavigationTitleView (2.3.0):
    - QMUIKit/QMUIComponents/QMUIButton
    - QMUIKit/QMUICore
  - QMUIKit/QMUIComponents/QMUIOrderedDictionary (2.3.0):
    - QMUIKit/QMUICore
  - QMUIKit/QMUIComponents/QMUIPieProgressView (2.3.0):
    - QMUIKit/QMUICore
  - QMUIKit/QMUIComponents/QMUIPopupContainerView (2.3.0):
    - QMUIKit/QMUICore
    - QMUIKit/QMUIMainFrame
  - QMUIKit/QMUIComponents/QMUIPopupMenuView (2.3.0):
    - QMUIKit/QMUIComponents/QMUIButton
    - QMUIKit/QMUIComponents/QMUIPopupContainerView
    - QMUIKit/QMUICore
  - QMUIKit/QMUIComponents/QMUISearchBar (2.3.0):
    - QMUIKit/QMUICore
  - QMUIKit/QMUIComponents/QMUISearchController (2.3.0):
    - QMUIKit/QMUIComponents/QMUIEmptyView
    - QMUIKit/QMUIComponents/QMUISearchBar
    - QMUIKit/QMUICore
    - QMUIKit/QMUIMainFrame
  - QMUIKit/QMUIComponents/QMUISegmentedControl (2.3.0):
    - QMUIKit/QMUICore
  - QMUIKit/QMUIComponents/QMUISlider (2.3.0):
    - QMUIKit/QMUICore
  - QMUIKit/QMUIComponents/QMUIStaticTableView (2.3.0):
    - QMUIKit/QMUIComponents/QMUITableViewCell
    - QMUIKit/QMUICore
  - QMUIKit/QMUIComponents/QMUITableView (2.3.0):
    - QMUIKit/QMUIComponents/QMUITableViewProtocols
    - QMUIKit/QMUICore
  - QMUIKit/QMUIComponents/QMUITableViewCell (2.3.0):
    - QMUIKit/QMUIComponents/QMUIButton
    - QMUIKit/QMUICore
  - QMUIKit/QMUIComponents/QMUITableViewHeaderFooterView (2.3.0):
    - QMUIKit/QMUICore
  - QMUIKit/QMUIComponents/QMUITableViewProtocols (2.3.0):
    - QMUIKit/QMUICore
  - QMUIKit/QMUIComponents/QMUITestView (2.3.0):
    - QMUIKit/QMUICore
  - QMUIKit/QMUIComponents/QMUITextField (2.3.0):
    - QMUIKit/QMUICore
  - QMUIKit/QMUIComponents/QMUITextView (2.3.0):
    - QMUIKit/QMUIComponents/QMUILabel
    - QMUIKit/QMUICore
  - QMUIKit/QMUIComponents/QMUITips (2.3.0):
    - QMUIKit/QMUIComponents/QMUIToastView
    - QMUIKit/QMUICore
    - QMUIKit/QMUIResources
  - QMUIKit/QMUIComponents/QMUIToastView (2.3.0):
    - QMUIKit/QMUIComponents/QMUIKeyboardManager
    - QMUIKit/QMUICore
  - QMUIKit/QMUIComponents/QMUIVisualEffectView (2.3.0):
    - QMUIKit/QMUICore
  - QMUIKit/QMUIComponents/QMUIZoomImageView (2.3.0):
    - QMUIKit/QMUIComponents/QMUIButton
    - QMUIKit/QMUIComponents/QMUIEmptyView
    - QMUIKit/QMUIComponents/QMUISlider
    - QMUIKit/QMUICore
  - QMUIKit/QMUICore (2.3.0)
  - QMUIKit/QMUIMainFrame (2.3.0):
    - QMUIKit/QMUIComponents/QMUIEmptyView
    - QMUIKit/QMUIComponents/QMUIKeyboardManager
    - QMUIKit/QMUIComponents/QMUINavigationTitleView
    - QMUIKit/QMUIComponents/QMUITableView
    - QMUIKit/QMUIComponents/QMUITableViewHeaderFooterView
    - QMUIKit/QMUICore
  - QMUIKit/QMUIResources (2.3.0)
  - React (0.59.10):
    - React/Core (= 0.59.10)
  - React/Core (0.59.10):
    - yoga (= 0.59.10.React)
  - React/CxxBridge (0.59.10):
    - Folly (= 2018.10.22.00)
    - React/Core
    - React/cxxreact
    - React/jsiexecutor
  - React/cxxreact (0.59.10):
    - boost-for-react-native (= 1.63.0)
    - DoubleConversion
    - Folly (= 2018.10.22.00)
    - glog
    - React/jsinspector
  - React/DevSupport (0.59.10):
    - React/Core
    - React/RCTWebSocket
  - React/fishhook (0.59.10)
  - React/jsi (0.59.10):
    - DoubleConversion
    - Folly (= 2018.10.22.00)
    - glog
  - React/jsiexecutor (0.59.10):
    - DoubleConversion
    - Folly (= 2018.10.22.00)
    - glog
    - React/cxxreact
    - React/jsi
  - React/jsinspector (0.59.10)
  - React/RCTAnimation (0.59.10):
    - React/Core
  - React/RCTBlob (0.59.10):
    - React/Core
  - React/RCTImage (0.59.10):
    - React/Core
    - React/RCTNetwork
  - React/RCTLinkingIOS (0.59.10):
    - React/Core
  - React/RCTNetwork (0.59.10):
    - React/Core
  - React/RCTText (0.59.10):
    - React/Core
  - React/RCTWebSocket (0.59.10):
    - React/Core
    - React/fishhook
    - React/RCTBlob
  - ReactiveCocoa (2.5):
    - ReactiveCocoa/UI (= 2.5)
  - ReactiveCocoa/Core (2.5):
    - ReactiveCocoa/no-arc
  - ReactiveCocoa/no-arc (2.5)
  - ReactiveCocoa/UI (2.5):
    - ReactiveCocoa/Core
  - Realm (3.18.0):
    - Realm/Headers (= 3.18.0)
  - Realm/Headers (3.18.0)
  - RNGestureHandler (1.2.1):
    - React
  - RTRootNavigationController (0.7.1):
    - RTRootNavigationController/Core (= 0.7.1)
  - RTRootNavigationController/Core (0.7.1)
  - SCIndexView (2.1.0)
  - SDCycleScrollView (1.80):
    - SDWebImage (>= 5.0.0)
  - SDWebImage (5.1.1):
    - SDWebImage/Core (= 5.1.1)
  - SDWebImage/Core (5.1.1)
  - SSZipArchive (2.2.2)
  - SWTableViewCell (0.3.7)
  - UICountingLabel (1.2.0)
  - "UITableView+FDTemplateLayoutCell (1.6)"
  - WechatOpenSDK (1.8.4)
  - WMPageController (2.5.2)
  - YBPopupMenu (1.1.2)
  - yoga (0.59.10.React)
  - YYCache (1.0.4)
  - YYModel (1.0.4)
  - YYText (1.0.7)
  - ZYQAssetPickerController (1.2.0)
  - ZYSideSlipFilter (0.5.0)

DEPENDENCIES:
  - ActionSheetPicker-3.0
  - AFNetworking
  - AMapLocation
  - Bugly
  - BVLinearGradient (from `./YaSha-iOS/react-native/node_modules/react-native-linear-gradient`)
  - CYLTabBarController
  - CYLTableViewPlaceHolder
  - DateTools
  - DoubleConversion (from `./YaSha-iOS/react-native/node_modules/react-native/third-party-podspecs/DoubleConversion.podspec`)
  - FDFullscreenPopGesture (= 1.1)
  - Folly (from `./YaSha-iOS/react-native/node_modules/react-native/third-party-podspecs/Folly.podspec`)
  - FSCalendar
  - FTPickerView
  - glog (from `./YaSha-iOS/react-native/node_modules/react-native/third-party-podspecs/glog.podspec`)
  - GTMBase64
  - IQKeyboardManager
  - JKCountDownButton
  - JPFPSStatus
  - JPush (= 3.0.7)
  - JSPatchPlatform
  - JWT
  - KSGuaidView
  - KVOController
  - Masonry
  - MJRefresh
  - MTBBarcodeScanner
  - NullSafe
  - PGDatePicker (= 1.5.12)
  - PGPickerView (= 1.3.3)
  - PNChart
  - PPGetAddressBook
  - QMUIKit (= 2.3.0)
  - React/Core (from `./YaSha-iOS/react-native/node_modules/react-native`)
  - React/CxxBridge (from `./YaSha-iOS/react-native/node_modules/react-native`)
  - React/DevSupport (from `./YaSha-iOS/react-native/node_modules/react-native`)
  - React/RCTAnimation (from `./YaSha-iOS/react-native/node_modules/react-native`)
  - React/RCTImage (from `./YaSha-iOS/react-native/node_modules/react-native`)
  - React/RCTLinkingIOS (from `./YaSha-iOS/react-native/node_modules/react-native`)
  - React/RCTNetwork (from `./YaSha-iOS/react-native/node_modules/react-native`)
  - React/RCTText (from `./YaSha-iOS/react-native/node_modules/react-native`)
  - React/RCTWebSocket (from `./YaSha-iOS/react-native/node_modules/react-native`)
  - ReactiveCocoa (~> 2.5.0)
  - Realm
  - RNGestureHandler (from `./YaSha-iOS/react-native/node_modules/react-native-gesture-handler`)
  - RTRootNavigationController
  - SCIndexView (= 2.1.0)
  - SDCycleScrollView
  - SSZipArchive
  - SWTableViewCell
  - "UITableView+FDTemplateLayoutCell"
  - WechatOpenSDK
  - WMPageController
  - YBPopupMenu
  - yoga (from `./YaSha-iOS/react-native/node_modules/react-native/ReactCommon/yoga`)
  - YYCache
  - YYModel
  - YYText
  - ZYQAssetPickerController (~> 1.2.0)
  - ZYSideSlipFilter

SPEC REPOS:
  https://github.com/cocoapods/specs.git:
    - ActionSheetPicker-3.0
    - AFNetworking
    - AMapFoundation
    - AMapLocation
    - Base64
    - boost-for-react-native
    - Bugly
    - CYLTabBarController
    - CYLTableViewPlaceHolder
    - DateTools
    - FDFullscreenPopGesture
    - FSCalendar
    - FTPickerView
    - GTMBase64
    - IQKeyboardManager
    - JCore
    - JKCountDownButton
    - JPFPSStatus
    - JPush
    - JSPatch
    - JSPatchPlatform
    - JWT
    - KSGuaidView
    - KVOController
    - Masonry
    - MJRefresh
    - MTBBarcodeScanner
    - NullSafe
    - PGDatePicker
    - PGPickerView
    - PNChart
    - PPGetAddressBook
    - QMUIKit
    - ReactiveCocoa
    - Realm
    - RTRootNavigationController
    - SCIndexView
    - SDCycleScrollView
    - SDWebImage
    - SSZipArchive
    - SWTableViewCell
    - UICountingLabel
    - "UITableView+FDTemplateLayoutCell"
    - WechatOpenSDK
    - WMPageController
    - YBPopupMenu
    - YYCache
    - YYModel
    - YYText
    - ZYQAssetPickerController
    - ZYSideSlipFilter

EXTERNAL SOURCES:
  BVLinearGradient:
    :path: "./YaSha-iOS/react-native/node_modules/react-native-linear-gradient"
  DoubleConversion:
    :podspec: "./YaSha-iOS/react-native/node_modules/react-native/third-party-podspecs/DoubleConversion.podspec"
  Folly:
    :podspec: "./YaSha-iOS/react-native/node_modules/react-native/third-party-podspecs/Folly.podspec"
  glog:
    :podspec: "./YaSha-iOS/react-native/node_modules/react-native/third-party-podspecs/glog.podspec"
  React:
    :path: "./YaSha-iOS/react-native/node_modules/react-native"
  RNGestureHandler:
    :path: "./YaSha-iOS/react-native/node_modules/react-native-gesture-handler"
  yoga:
    :path: "./YaSha-iOS/react-native/node_modules/react-native/ReactCommon/yoga"

SPEC CHECKSUMS:
  ActionSheetPicker-3.0: eef157d75e151f255c5333d26656c7fbfe905a51
  AFNetworking: b6f891fdfaed196b46c7a83cf209e09697b94057
  AMapFoundation: 216d58448c80356434ac4332250a8fdb2f5c4d1e
  AMapLocation: 89a7e4eb6040d32ba73c77a4966ecc66e46aa7c3
  Base64: cecfb41a004124895a7bcee567a89bae5a89d49b
  boost-for-react-native: 39c7adb57c4e60d6c5479dd8623128eb5b3f0f2c
  Bugly: 3ca9f255c01025582df26f9222893b383c7e4b4e
  BVLinearGradient: e3aad03778a456d77928f594a649e96995f1c872
  CYLTabBarController: cd14c6260a38337600737873a57b3114c7065a8e
  CYLTableViewPlaceHolder: 678e070180a24e2f241adc7830d5d7f5e2abbaa5
  DateTools: 933ac9c490f21f92127cf690ccd8c397e0126caf
  DoubleConversion: bb338842f62ab1d708ceb63ec3d999f0f3d98ecd
  FDFullscreenPopGesture: a8a620179e3d9c40e8e00256dcee1c1a27c6d0f0
  Folly: de497beb10f102453a1afa9edbf8cf8a251890de
  FSCalendar: 3a5ed3636e2ba1b83ebebfcf0c2603105a6f5efe
  FTPickerView: 3fb6055e057ac608435ce7d938f2bbc0640f4948
  glog: aefd1eb5dda2ab95ba0938556f34b98e2da3a60d
  GTMBase64: f0f91be06a7a20b84c8e4fee30c0430395091d82
  IQKeyboardManager: b41e0a4943fbac4c11a239d31a688667675f962e
  JCore: 27598485098d0db99d2812cba048003457d08cfb
  JKCountDownButton: 3b557e75d23e7243bb63c8130e6d12d8510468dd
  JPFPSStatus: 03f32aa3d4d7d0c5bf56f6f3e7cf8b7280a5f52c
  JPush: 111b79b8a0169ab8fd4c486dac3ed166ed69293e
  JSPatch: 02cfed591cb907bbfe80a346666e5a35fc2d349d
  JSPatchPlatform: 8cc9aaebe21109d5fdfb4500384ddf38ed0990e9
  JWT: cf73c0ab0dac762df3de8a3f1164352089d97780
  KSGuaidView: 8a208b7df4140db1c86a8bc1eb170f91b0aabf19
  KVOController: d72ace34afea42468329623b3379ab3cd1d286b6
  Masonry: 678fab65091a9290e40e2832a55e7ab731aad201
  MJRefresh: ed450d6eb9d3346a2cb033ab7eb6de090aeef437
  MTBBarcodeScanner: f453b33c4b7dfe545d8c6484ed744d55671788cb
  NullSafe: 948feba938f03abede5ed3758694a9fe5b3a65ce
  PGDatePicker: 4db162e6bd07df60e1d1c5fe3aaeb8f761b9322c
  PGPickerView: 0b781b1d8fb153db5ef09ac3842941f29cbca8a4
  PNChart: 84774d225c2126ded6c93d4dbe6ae98c3a73c2d2
  PPGetAddressBook: e4b6b0a87e852df5d5b90c44ecd9ded7f6f1ccf6
  QMUIKit: 0781d39ab0e7adb5c05bcee4e3f3d1cfc79f5b8e
  React: 36d0768f9e93be2473b37e7fa64f92c1d5341eef
  ReactiveCocoa: e2db045570aa97c695e7aa97c2bcab222ae51f4a
  Realm: 7b3d04740facf45e958a514b466a32b04f1113d6
  RNGestureHandler: aea90f0ad8e35fec23438db6fc3ad79be58bb734
  RTRootNavigationController: afa6913402be26f8326f7f37fc1550aa67baddcc
  SCIndexView: 11a20f0fb1d0e0e1b8a0a87d3102c68afa0725e6
  SDCycleScrollView: b3c9a5ed840c771c4938978174c7c9d9feefeb96
  SDWebImage: 96d7f03415ccb28d299d765f93557ff8a617abd8
  SSZipArchive: fa16b8cc4cdeceb698e5e5d9f67e9558532fbf23
  SWTableViewCell: 2a94aadc9d47b2b611fa064566bf57948b95b579
  UICountingLabel: 1db4e7d023e1762171eb226d6dff47a7a84f27aa
  "UITableView+FDTemplateLayoutCell": 5c949b4a5059c404b442926c0e80f81d10a2d66f
  WechatOpenSDK: 9b721089507c895d05f997408c30bb6e6f5f9b60
  WMPageController: 0c7624d2b48e4f1ab92371688cf6744ed701575d
  YBPopupMenu: 6efb286385d95ba5f97c58b8464ec873645e8764
  yoga: 684513b14b03201579ba3cee20218c9d1298b0cc
  YYCache: 8105b6638f5e849296c71f331ff83891a4942952
  YYModel: 2a7fdd96aaa4b86a824e26d0c517de8928c04b30
  YYText: 5c461d709e24d55a182d1441c41dc639a18a4849
  ZYQAssetPickerController: dc692a6fb421c0dc0efcabd43eb260cfb073f7fd
  ZYSideSlipFilter: 6946b221476c25a5e2d4acff44f1748349d01f62

PODFILE CHECKSUM: 7a670a067abb5403f465f328ae10f1556629cbe7

COCOAPODS: 1.7.3
